// !$*UTF8*$!
{
	archiveVersion = 1;
	classes = {
	};
	objectVersion = 50;
	objects = {

/* Begin PBXBuildFile section */
		6E8D0C50F37836AD6AEC3C71 /* Pods_Multithreading.framework in Frameworks */ = {isa = PBXBuildFile; fileRef = BB52AD2233C177217AECB263 /* Pods_Multithreading.framework */; };
		A661279E25A4865A0005907F /* AppDelegate.swift in Sources */ = {isa = PBXBuildFile; fileRef = A661279D25A4865A0005907F /* AppDelegate.swift */; };
		A66127A025A4865A0005907F /* SceneDelegate.swift in Sources */ = {isa = PBXBuildFile; fileRef = A661279F25A4865A0005907F /* SceneDelegate.swift */; };
		A66127A225A4865A0005907F /* ViewController.swift in Sources */ = {isa = PBXBuildFile; fileRef = A66127A125A4865A0005907F /* ViewController.swift */; };
		A66127A525A4865A0005907F /* Main.storyboard in Resources */ = {isa = PBXBuildFile; fileRef = A66127A325A4865A0005907F /* Main.storyboard */; };
		A66127A725A4865B0005907F /* Assets.xcassets in Resources */ = {isa = PBXBuildFile; fileRef = A66127A625A4865B0005907F /* Assets.xcassets */; };
		A66127AA25A4865B0005907F /* LaunchScreen.storyboard in Resources */ = {isa = PBXBuildFile; fileRef = A66127A825A4865B0005907F /* LaunchScreen.storyboard */; };
		A66127BA25A487350005907F /* Student.swift in Sources */ = {isa = PBXBuildFile; fileRef = A66127B925A487350005907F /* Student.swift */; };
		A66127BD25A48EE60005907F /* StudentOper.swift in Sources */ = {isa = PBXBuildFile; fileRef = A66127BC25A48EE60005907F /* StudentOper.swift */; };
		A6C2B0C325AF200600D33FE4 /* Singletone.swift in Sources */ = {isa = PBXBuildFile; fileRef = A6C2B0C225AF200600D33FE4 /* Singletone.swift */; };
/* End PBXBuildFile section */

/* Begin PBXFileReference section */
		8E757E2F294F2411D2EEF335 /* Pods-Multithreading.debug.xcconfig */ = {isa = PBXFileReference; includeInIndex = 1; lastKnownFileType = text.xcconfig; name = "Pods-Multithreading.debug.xcconfig"; path = "Target Support Files/Pods-Multithreading/Pods-Multithreading.debug.xcconfig"; sourceTree = "<group>"; };
		A1F28E0B040A4EEABEB4F1DB /* Pods-Multithreading.release.xcconfig */ = {isa = PBXFileReference; includeInIndex = 1; lastKnownFileType = text.xcconfig; name = "Pods-Multithreading.release.xcconfig"; path = "Target Support Files/Pods-Multithreading/Pods-Multithreading.release.xcconfig"; sourceTree = "<group>"; };
		A661279A25A4865A0005907F /* Multithreading.app */ = {isa = PBXFileReference; explicitFileType = wrapper.application; includeInIndex = 0; path = Multithreading.app; sourceTree = BUILT_PRODUCTS_DIR; };
		A661279D25A4865A0005907F /* AppDelegate.swift */ = {isa = PBXFileReference; lastKnownFileType = sourcecode.swift; path = AppDelegate.swift; sourceTree = "<group>"; };
		A661279F25A4865A0005907F /* SceneDelegate.swift */ = {isa = PBXFileReference; lastKnownFileType = sourcecode.swift; path = SceneDelegate.swift; sourceTree = "<group>"; };
		A66127A125A4865A0005907F /* ViewController.swift */ = {isa = PBXFileReference; lastKnownFileType = sourcecode.swift; path = ViewController.swift; sourceTree = "<group>"; };
		A66127A425A4865A0005907F /* Base */ = {isa = PBXFileReference; lastKnownFileType = file.storyboard; name = Base; path = Base.lproj/Main.storyboard; sourceTree = "<group>"; };
		A66127A625A4865B0005907F /* Assets.xcassets */ = {isa = PBXFileReference; lastKnownFileType = folder.assetcatalog; path = Assets.xcassets; sourceTree = "<group>"; };
		A66127A925A4865B0005907F /* Base */ = {isa = PBXFileReference; lastKnownFileType = file.storyboard; name = Base; path = Base.lproj/LaunchScreen.storyboard; sourceTree = "<group>"; };
		A66127AB25A4865B0005907F /* Info.plist */ = {isa = PBXFileReference; lastKnownFileType = text.plist.xml; path = Info.plist; sourceTree = "<group>"; };
		A66127B925A487350005907F /* Student.swift */ = {isa = PBXFileReference; lastKnownFileType = sourcecode.swift; path = Student.swift; sourceTree = "<group>"; };
		A66127BC25A48EE60005907F /* StudentOper.swift */ = {isa = PBXFileReference; lastKnownFileType = sourcecode.swift; path = StudentOper.swift; sourceTree = "<group>"; };
		A6C2B0C225AF200600D33FE4 /* Singletone.swift */ = {isa = PBXFileReference; lastKnownFileType = sourcecode.swift; path = Singletone.swift; sourceTree = "<group>"; };
		BB52AD2233C177217AECB263 /* Pods_Multithreading.framework */ = {isa = PBXFileReference; explicitFileType = wrapper.framework; includeInIndex = 0; path = Pods_Multithreading.framework; sourceTree = BUILT_PRODUCTS_DIR; };
/* End PBXFileReference section */

/* Begin PBXFrameworksBuildPhase section */
		A661279725A4865A0005907F /* Frameworks */ = {
			isa = PBXFrameworksBuildPhase;
			buildActionMask = 2147483647;
			files = (
				6E8D0C50F37836AD6AEC3C71 /* Pods_Multithreading.framework in Frameworks */,
			);
			runOnlyForDeploymentPostprocessing = 0;
		};
/* End PBXFrameworksBuildPhase section */

/* Begin PBXGroup section */
		209AD545454C411DFFAB7672 /* Pods */ = {
			isa = PBXGroup;
			children = (
				8E757E2F294F2411D2EEF335 /* Pods-Multithreading.debug.xcconfig */,
				A1F28E0B040A4EEABEB4F1DB /* Pods-Multithreading.release.xcconfig */,
			);
			path = Pods;
			sourceTree = "<group>";
		};
		A661279125A4865A0005907F = {
			isa = PBXGroup;
			children = (
				A661279C25A4865A0005907F /* Multithreading */,
				A661279B25A4865A0005907F /* Products */,
				209AD545454C411DFFAB7672 /* Pods */,
				E5488A47FA9614BFB40150DE /* Frameworks */,
			);
			sourceTree = "<group>";
		};
		A661279B25A4865A0005907F /* Products */ = {
			isa = PBXGroup;
			children = (
				A661279A25A4865A0005907F /* Multithreading.app */,
			);
			name = Products;
			sourceTree = "<group>";
		};
		A661279C25A4865A0005907F /* Multithreading */ = {
			isa = PBXGroup;
			children = (
				A661279D25A4865A0005907F /* AppDelegate.swift */,
				A661279F25A4865A0005907F /* SceneDelegate.swift */,
				A66127A125A4865A0005907F /* ViewController.swift */,
				A66127B925A487350005907F /* Student.swift */,
				A6C2B0C225AF200600D33FE4 /* Singletone.swift */,
				A66127BC25A48EE60005907F /* StudentOper.swift */,
				A66127A325A4865A0005907F /* Main.storyboard */,
				A66127A625A4865B0005907F /* Assets.xcassets */,
				A66127A825A4865B0005907F /* LaunchScreen.storyboard */,
				A66127AB25A4865B0005907F /* Info.plist */,
			);
			path = Multithreading;
			sourceTree = "<group>";
		};
		E5488A47FA9614BFB40150DE /* Frameworks */ = {
			isa = PBXGroup;
			children = (
				BB52AD2233C177217AECB263 /* Pods_Multithreading.framework */,
			);
			name = Frameworks;
			sourceTree = "<group>";
		};
/* End PBXGroup section */

/* Begin PBXNativeTarget section */
		A661279925A4865A0005907F /* Multithreading */ = {
			isa = PBXNativeTarget;
			buildConfigurationList = A66127AE25A4865B0005907F /* Build configuration list for PBXNativeTarget "Multithreading" */;
			buildPhases = (
				5CB4C41CC7DE91A8C9447CB5 /* [CP] Check Pods Manifest.lock */,
				A661279625A4865A0005907F /* Sources */,
				A661279725A4865A0005907F /* Frameworks */,
				A661279825A4865A0005907F /* Resources */,
				A66127B325A4867F0005907F /* ShellScript */,
			);
			buildRules = (
			);
			dependencies = (
			);
			name = Multithreading;
			productName = Multithreading;
			productReference = A661279A25A4865A0005907F /* Multithreading.app */;
			productType = "com.apple.product-type.application";
		};
/* End PBXNativeTarget section */

/* Begin PBXProject section */
		A661279225A4865A0005907F /* Project object */ = {
			isa = PBXProject;
			attributes = {
				LastSwiftUpdateCheck = 1220;
				LastUpgradeCheck = 1220;
				TargetAttributes = {
					A661279925A4865A0005907F = {
						CreatedOnToolsVersion = 12.2;
					};
				};
			};
			buildConfigurationList = A661279525A4865A0005907F /* Build configuration list for PBXProject "Multithreading" */;
			compatibilityVersion = "Xcode 9.3";
			developmentRegion = en;
			hasScannedForEncodings = 0;
			knownRegions = (
				en,
				Base,
			);
			mainGroup = A661279125A4865A0005907F;
			productRefGroup = A661279B25A4865A0005907F /* Products */;
			projectDirPath = "";
			projectRoot = "";
			targets = (
				A661279925A4865A0005907F /* Multithreading */,
			);
		};
/* End PBXProject section */

/* Begin PBXResourcesBuildPhase section */
		A661279825A4865A0005907F /* Resources */ = {
			isa = PBXResourcesBuildPhase;
			buildActionMask = 2147483647;
			files = (
				A66127AA25A4865B0005907F /* LaunchScreen.storyboard in Resources */,
				A66127A725A4865B0005907F /* Assets.xcassets in Resources */,
				A66127A525A4865A0005907F /* Main.storyboard in Resources */,
			);
			runOnlyForDeploymentPostprocessing = 0;
		};
/* End PBXResourcesBuildPhase section */

/* Begin PBXShellScriptBuildPhase section */
		5CB4C41CC7DE91A8C9447CB5 /* [CP] Check Pods Manifest.lock */ = {
			isa = PBXShellScriptBuildPhase;
			buildActionMask = 2147483647;
			files = (
			);
			inputFileListPaths = (
			);
			inputPaths = (
				"${PODS_PODFILE_DIR_PATH}/Podfile.lock",
				"${PODS_ROOT}/Manifest.lock",
			);
			name = "[CP] Check Pods Manifest.lock";
			outputFileListPaths = (
			);
			outputPaths = (
				"$(DERIVED_FILE_DIR)/Pods-Multithreading-checkManifestLockResult.txt",
			);
			runOnlyForDeploymentPostprocessing = 0;
			shellPath = /bin/sh;
			shellScript = "diff \"${PODS_PODFILE_DIR_PATH}/Podfile.lock\" \"${PODS_ROOT}/Manifest.lock\" > /dev/null\nif [ $? != 0 ] ; then\n    # print error to STDERR\n    echo \"error: The sandbox is not in sync with the Podfile.lock. Run 'pod install' or update your CocoaPods installation.\" >&2\n    exit 1\nfi\n# This output is used by Xcode 'outputs' to avoid re-running this script phase.\necho \"SUCCESS\" > \"${SCRIPT_OUTPUT_FILE_0}\"\n";
			showEnvVarsInLog = 0;
		};
		A66127B325A4867F0005907F /* ShellScript */ = {
			isa = PBXShellScriptBuildPhase;
			buildActionMask = 2147483647;
			files = (
			);
			inputFileListPaths = (
			);
			inputPaths = (
			);
			outputFileListPaths = (
			);
			outputPaths = (
			);
			runOnlyForDeploymentPostprocessing = 0;
			shellPath = /bin/sh;
			shellScript = "# Type a script or drag a script file from your workspace to insert its path.\nif which \"${PODS_ROOT}/SwiftLint/swiftlint\" >/dev/null; then\n    \"${PODS_ROOT}/SwiftLint/swiftlint\" --quiet --config \"swiftlint.yml\"\nelse\n  echo \"error: SwiftLint does not exist, upadate CocoaPods (use 'pod install')\"\n  exit 1\nfi\n";
		};
/* End PBXShellScriptBuildPhase section */

/* Begin PBXSourcesBuildPhase section */
		A661279625A4865A0005907F /* Sources */ = {
			isa = PBXSourcesBuildPhase;
			buildActionMask = 2147483647;
			files = (
				A66127A225A4865A0005907F /* ViewController.swift in Sources */,
				A661279E25A4865A0005907F /* AppDelegate.swift in Sources */,
				A66127A025A4865A0005907F /* SceneDelegate.swift in Sources */,
				A6C2B0C325AF200600D33FE4 /* Singletone.swift in Sources */,
				A66127BD25A48EE60005907F /* StudentOper.swift in Sources */,
				A66127BA25A487350005907F /* Student.swift in Sources */,
			);
			runOnlyForDeploymentPostprocessing = 0;
		};
/* End PBXSourcesBuildPhase section */

/* Begin PBXVariantGroup section */
		A66127A325A4865A0005907F /* Main.storyboard */ = {
			isa = PBXVariantGroup;
			children = (
				A66127A425A4865A0005907F /* Base */,
			);
			name = Main.storyboard;
			sourceTree = "<group>";
		};
		A66127A825A4865B0005907F /* LaunchScreen.storyboard */ = {
			isa = PBXVariantGroup;
			children = (
				A66127A925A4865B0005907F /* Base */,
			);
			name = LaunchScreen.storyboard;
			sourceTree = "<group>";
		};
/* End PBXVariantGroup section */

/* Begin XCBuildConfiguration section */
		A66127AC25A4865B0005907F /* Debug */ = {
			isa = XCBuildConfiguration;
			buildSettings = {
				ALWAYS_SEARCH_USER_PATHS = NO;
				CLANG_ANALYZER_NONNULL = YES;
				CLANG_ANALYZER_NUMBER_OBJECT_CONVERSION = YES_AGGRESSIVE;
				CLANG_CXX_LANGUAGE_STANDARD = "gnu++14";
				CLANG_CXX_LIBRARY = "libc++";
				CLANG_ENABLE_MODULES = YES;
				CLANG_ENABLE_OBJC_ARC = YES;
				CLANG_ENABLE_OBJC_WEAK = YES;
				CLANG_WARN_BLOCK_CAPTURE_AUTORELEASING = YES;
				CLANG_WARN_BOOL_CONVERSION = YES;
				CLANG_WARN_COMMA = YES;
				CLANG_WARN_CONSTANT_CONVERSION = YES;
				CLANG_WARN_DEPRECATED_OBJC_IMPLEMENTATIONS = YES;
				CLANG_WARN_DIRECT_OBJC_ISA_USAGE = YES_ERROR;
				CLANG_WARN_DOCUMENTATION_COMMENTS = YES;
				CLANG_WARN_EMPTY_BODY = YES;
				CLANG_WARN_ENUM_CONVERSION = YES;
				CLANG_WARN_INFINITE_RECURSION = YES;
				CLANG_WARN_INT_CONVERSION = YES;
				CLANG_WARN_NON_LITERAL_NULL_CONVERSION = YES;
				CLANG_WARN_OBJC_IMPLICIT_RETAIN_SELF = YES;
				CLANG_WARN_OBJC_LITERAL_CONVERSION = YES;
				CLANG_WARN_OBJC_ROOT_CLASS = YES_ERROR;
				CLANG_WARN_QUOTED_INCLUDE_IN_FRAMEWORK_HEADER = YES;
				CLANG_WARN_RANGE_LOOP_ANALYSIS = YES;
				CLANG_WARN_STRICT_PROTOTYPES = YES;
				CLANG_WARN_SUSPICIOUS_MOVE = YES;
				CLANG_WARN_UNGUARDED_AVAILABILITY = YES_AGGRESSIVE;
				CLANG_WARN_UNREACHABLE_CODE = YES;
				CLANG_WARN__DUPLICATE_METHOD_MATCH = YES;
				COPY_PHASE_STRIP = NO;
				DEBUG_INFORMATION_FORMAT = dwarf;
				ENABLE_STRICT_OBJC_MSGSEND = YES;
				ENABLE_TESTABILITY = YES;
				GCC_C_LANGUAGE_STANDARD = gnu11;
				GCC_DYNAMIC_NO_PIC = NO;
				GCC_NO_COMMON_BLOCKS = YES;
				GCC_OPTIMIZATION_LEVEL = 0;
				GCC_PREPROCESSOR_DEFINITIONS = (
					"DEBUG=1",
					"$(inherited)",
				);
				GCC_WARN_64_TO_32_BIT_CONVERSION = YES;
				GCC_WARN_ABOUT_RETURN_TYPE = YES_ERROR;
				GCC_WARN_UNDECLARED_SELECTOR = YES;
				GCC_WARN_UNINITIALIZED_AUTOS = YES_AGGRESSIVE;
				GCC_WARN_UNUSED_FUNCTION = YES;
				GCC_WARN_UNUSED_VARIABLE = YES;
				IPHONEOS_DEPLOYMENT_TARGET = 14.2;
				MTL_ENABLE_DEBUG_INFO = INCLUDE_SOURCE;
				MTL_FAST_MATH = YES;
				ONLY_ACTIVE_ARCH = YES;
				SDKROOT = iphoneos;
				SWIFT_ACTIVE_COMPILATION_CONDITIONS = DEBUG;
				SWIFT_OPTIMIZATION_LEVEL = "-Onone";
			};
			name = Debug;
		};
		A66127AD25A4865B0005907F /* Release */ = {
			isa = XCBuildConfiguration;
			buildSettings = {
				ALWAYS_SEARCH_USER_PATHS = NO;
				CLANG_ANALYZER_NONNULL = YES;
				CLANG_ANALYZER_NUMBER_OBJECT_CONVERSION = YES_AGGRESSIVE;
				CLANG_CXX_LANGUAGE_STANDARD = "gnu++14";
				CLANG_CXX_LIBRARY = "libc++";
				CLANG_ENABLE_MODULES = YES;
				CLANG_ENABLE_OBJC_ARC = YES;
				CLANG_ENABLE_OBJC_WEAK = YES;
				CLANG_WARN_BLOCK_CAPTURE_AUTORELEASING = YES;
				CLANG_WARN_BOOL_CONVERSION = YES;
				CLANG_WARN_COMMA = YES;
				CLANG_WARN_CONSTANT_CONVERSION = YES;
				CLANG_WARN_DEPRECATED_OBJC_IMPLEMENTATIONS = YES;
				CLANG_WARN_DIRECT_OBJC_ISA_USAGE = YES_ERROR;
				CLANG_WARN_DOCUMENTATION_COMMENTS = YES;
				CLANG_WARN_EMPTY_BODY = YES;
				CLANG_WARN_ENUM_CONVERSION = YES;
				CLANG_WARN_INFINITE_RECURSION = YES;
				CLANG_WARN_INT_CONVERSION = YES;
				CLANG_WARN_NON_LITERAL_NULL_CONVERSION = YES;
				CLANG_WARN_OBJC_IMPLICIT_RETAIN_SELF = YES;
				CLANG_WARN_OBJC_LITERAL_CONVERSION = YES;
				CLANG_WARN_OBJC_ROOT_CLASS = YES_ERROR;
				CLANG_WARN_QUOTED_INCLUDE_IN_FRAMEWORK_HEADER = YES;
				CLANG_WARN_RANGE_LOOP_ANALYSIS = YES;
				CLANG_WARN_STRICT_PROTOTYPES = YES;
				CLANG_WARN_SUSPICIOUS_MOVE = YES;
				CLANG_WARN_UNGUARDED_AVAILABILITY = YES_AGGRESSIVE;
				CLANG_WARN_UNREACHABLE_CODE = YES;
				CLANG_WARN__DUPLICATE_METHOD_MATCH = YES;
				COPY_PHASE_STRIP = NO;
				DEBUG_INFORMATION_FORMAT = "dwarf-with-dsym";
				ENABLE_NS_ASSERTIONS = NO;
				ENABLE_STRICT_OBJC_MSGSEND = YES;
				GCC_C_LANGUAGE_STANDARD = gnu11;
				GCC_NO_COMMON_BLOCKS = YES;
				GCC_WARN_64_TO_32_BIT_CONVERSION = YES;
				GCC_WARN_ABOUT_RETURN_TYPE = YES_ERROR;
				GCC_WARN_UNDECLARED_SELECTOR = YES;
				GCC_WARN_UNINITIALIZED_AUTOS = YES_AGGRESSIVE;
				GCC_WARN_UNUSED_FUNCTION = YES;
				GCC_WARN_UNUSED_VARIABLE = YES;
				IPHONEOS_DEPLOYMENT_TARGET = 14.2;
				MTL_ENABLE_DEBUG_INFO = NO;
				MTL_FAST_MATH = YES;
				SDKROOT = iphoneos;
				SWIFT_COMPILATION_MODE = wholemodule;
				SWIFT_OPTIMIZATION_LEVEL = "-O";
				VALIDATE_PRODUCT = YES;
			};
			name = Release;
		};
		A66127AF25A4865B0005907F /* Debug */ = {
			isa = XCBuildConfiguration;
			baseConfigurationReference = 8E757E2F294F2411D2EEF335 /* Pods-Multithreading.debug.xcconfig */;
			buildSettings = {
				ASSETCATALOG_COMPILER_APPICON_NAME = AppIcon;
				ASSETCATALOG_COMPILER_GLOBAL_ACCENT_COLOR_NAME = AccentColor;
				CODE_SIGN_STYLE = Automatic;
				DEVELOPMENT_TEAM = 4BRHUVT595;
				INFOPLIST_FILE = Multithreading/Info.plist;
				LD_RUNPATH_SEARCH_PATHS = (
					"$(inherited)",
					"@executable_path/Frameworks",
				);
				PRODUCT_BUNDLE_IDENTIFIER = Harbros.Multithreading;
				PRODUCT_NAME = "$(TARGET_NAME)";
				SWIFT_VERSION = 5.0;
				TARGETED_DEVICE_FAMILY = "1,2";
			};
			name = Debug;
		};
		A66127B025A4865B0005907F /* Release */ = {
			isa = XCBuildConfiguration;
			baseConfigurationReference = A1F28E0B040A4EEABEB4F1DB /* Pods-Multithreading.release.xcconfig */;
			buildSettings = {
				ASSETCATALOG_COMPILER_APPICON_NAME = AppIcon;
				ASSETCATALOG_COMPILER_GLOBAL_ACCENT_COLOR_NAME = AccentColor;
				CODE_SIGN_STYLE = Automatic;
				DEVELOPMENT_TEAM = 4BRHUVT595;
				INFOPLIST_FILE = Multithreading/Info.plist;
				LD_RUNPATH_SEARCH_PATHS = (
					"$(inherited)",
					"@executable_path/Frameworks",
				);
				PRODUCT_BUNDLE_IDENTIFIER = Harbros.Multithreading;
				PRODUCT_NAME = "$(TARGET_NAME)";
				SWIFT_VERSION = 5.0;
				TARGETED_DEVICE_FAMILY = "1,2";
			};
			name = Release;
		};
/* End XCBuildConfiguration section */

/* Begin XCConfigurationList section */
		A661279525A4865A0005907F /* Build configuration list for PBXProject "Multithreading" */ = {
			isa = XCConfigurationList;
			buildConfigurations = (
				A66127AC25A4865B0005907F /* Debug */,
				A66127AD25A4865B0005907F /* Release */,
			);
			defaultConfigurationIsVisible = 0;
			defaultConfigurationName = Release;
		};
		A66127AE25A4865B0005907F /* Build configuration list for PBXNativeTarget "Multithreading" */ = {
			isa = XCConfigurationList;
			buildConfigurations = (
				A66127AF25A4865B0005907F /* Debug */,
				A66127B025A4865B0005907F /* Release */,
			);
			defaultConfigurationIsVisible = 0;
			defaultConfigurationName = Release;
		};
/* End XCConfigurationList section */
	};
	rootObject = A661279225A4865A0005907F /* Project object */;
}
